
Microsoft Visual Studio Solution File, Format Version 12.00
# Visual Studio Version 17
VisualStudioVersion = 17.0.31903.59
MinimumVisualStudioVersion = 10.0.40219.1
Project("{2150E333-8FDC-42A3-9474-1A3956D46DE8}") = "src", "src", "{827E0CD3-B72D-47B6-A68D-7590B98EB39B}"
EndProject
Project("{FAE04EC0-301F-11D3-BF4B-00C04F79EFBC}") = "Api.Gateway", "src\Api.Gateway\Api.Gateway.csproj", "{ABA67ACA-3E0C-44C1-84F6-E24CF83D52F1}"
EndProject
Project("{FAE04EC0-301F-11D3-BF4B-00C04F79EFBC}") = "Service.Command", "src\Service.Command\Service.Command.csproj", "{11F70FFF-011E-4625-840D-94CC9DBB707C}"
EndProject
Project("{FAE04EC0-301F-11D3-BF4B-00C04F79EFBC}") = "Service.Query", "src\Service.Query\Service.Query.csproj", "{77EDE4A3-6905-4B38-B776-A1E79916415D}"
EndProject
Project("{FAE04EC0-301F-11D3-BF4B-00C04F79EFBC}") = "Worker.PriceFetcher", "src\Worker.PriceFetcher\Worker.PriceFetcher.csproj", "{2C887A23-DFEC-4FB8-9298-C44843A5B27C}"
EndProject
Project("{FAE04EC0-301F-11D3-BF4B-00C04F79EFBC}") = "Core.Domain", "src\Core.Domain\Core.Domain.csproj", "{C741D70D-E582-4A52-912B-21F99CA90649}"
EndProject
Project("{FAE04EC0-301F-11D3-BF4B-00C04F79EFBC}") = "Infrastructure.Data", "src\Infrastructure.Data\Infrastructure.Data.csproj", "{21A247DC-F34A-4B41-BF76-0FC05941F252}"
EndProject
Project("{2150E333-8FDC-42A3-9474-1A3956D46DE8}") = "Tests", "Tests", "{CEA09484-30F6-4D44-02F6-822E06DBC57C}"
EndProject
Project("{FAE04EC0-301F-11D3-BF4B-00C04F79EFBC}") = "SharedShopping.Tests", "src\Tests\SharedShopping.Tests.csproj", "{62E53394-08E1-48F4-A1FD-A6211377B8E6}"
EndProject
Global
	GlobalSection(SolutionConfigurationPlatforms) = preSolution
		Debug|Any CPU = Debug|Any CPU
		Debug|x64 = Debug|x64
		Debug|x86 = Debug|x86
		Release|Any CPU = Release|Any CPU
		Release|x64 = Release|x64
		Release|x86 = Release|x86
	EndGlobalSection
	GlobalSection(ProjectConfigurationPlatforms) = postSolution
		{ABA67ACA-3E0C-44C1-84F6-E24CF83D52F1}.Debug|Any CPU.ActiveCfg = Debug|Any CPU
		{ABA67ACA-3E0C-44C1-84F6-E24CF83D52F1}.Debug|Any CPU.Build.0 = Debug|Any CPU
		{ABA67ACA-3E0C-44C1-84F6-E24CF83D52F1}.Debug|x64.ActiveCfg = Debug|Any CPU
		{ABA67ACA-3E0C-44C1-84F6-E24CF83D52F1}.Debug|x64.Build.0 = Debug|Any CPU
		{ABA67ACA-3E0C-44C1-84F6-E24CF83D52F1}.Debug|x86.ActiveCfg = Debug|Any CPU
		{ABA67ACA-3E0C-44C1-84F6-E24CF83D52F1}.Debug|x86.Build.0 = Debug|Any CPU
		{ABA67ACA-3E0C-44C1-84F6-E24CF83D52F1}.Release|Any CPU.ActiveCfg = Release|Any CPU
		{ABA67ACA-3E0C-44C1-84F6-E24CF83D52F1}.Release|Any CPU.Build.0 = Release|Any CPU
		{ABA67ACA-3E0C-44C1-84F6-E24CF83D52F1}.Release|x64.ActiveCfg = Release|Any CPU
		{ABA67ACA-3E0C-44C1-84F6-E24CF83D52F1}.Release|x64.Build.0 = Release|Any CPU
		{ABA67ACA-3E0C-44C1-84F6-E24CF83D52F1}.Release|x86.ActiveCfg = Release|Any CPU
		{ABA67ACA-3E0C-44C1-84F6-E24CF83D52F1}.Release|x86.Build.0 = Release|Any CPU
		{11F70FFF-011E-4625-840D-94CC9DBB707C}.Debug|Any CPU.ActiveCfg = Debug|Any CPU
		{11F70FFF-011E-4625-840D-94CC9DBB707C}.Debug|Any CPU.Build.0 = Debug|Any CPU
		{11F70FFF-011E-4625-840D-94CC9DBB707C}.Debug|x64.ActiveCfg = Debug|Any CPU
		{11F70FFF-011E-4625-840D-94CC9DBB707C}.Debug|x64.Build.0 = Debug|Any CPU
		{11F70FFF-011E-4625-840D-94CC9DBB707C}.Debug|x86.ActiveCfg = Debug|Any CPU
		{11F70FFF-011E-4625-840D-94CC9DBB707C}.Debug|x86.Build.0 = Debug|Any CPU
		{11F70FFF-011E-4625-840D-94CC9DBB707C}.Release|Any CPU.ActiveCfg = Release|Any CPU
		{11F70FFF-011E-4625-840D-94CC9DBB707C}.Release|Any CPU.Build.0 = Release|Any CPU
		{11F70FFF-011E-4625-840D-94CC9DBB707C}.Release|x64.ActiveCfg = Release|Any CPU
		{11F70FFF-011E-4625-840D-94CC9DBB707C}.Release|x64.Build.0 = Release|Any CPU
		{11F70FFF-011E-4625-840D-94CC9DBB707C}.Release|x86.ActiveCfg = Release|Any CPU
		{11F70FFF-011E-4625-840D-94CC9DBB707C}.Release|x86.Build.0 = Release|Any CPU
		{77EDE4A3-6905-4B38-B776-A1E79916415D}.Debug|Any CPU.ActiveCfg = Debug|Any CPU
		{77EDE4A3-6905-4B38-B776-A1E79916415D}.Debug|Any CPU.Build.0 = Debug|Any CPU
		{77EDE4A3-6905-4B38-B776-A1E79916415D}.Debug|x64.ActiveCfg = Debug|Any CPU
		{77EDE4A3-6905-4B38-B776-A1E79916415D}.Debug|x64.Build.0 = Debug|Any CPU
		{77EDE4A3-6905-4B38-B776-A1E79916415D}.Debug|x86.ActiveCfg = Debug|Any CPU
		{77EDE4A3-6905-4B38-B776-A1E79916415D}.Debug|x86.Build.0 = Debug|Any CPU
		{77EDE4A3-6905-4B38-B776-A1E79916415D}.Release|Any CPU.ActiveCfg = Release|Any CPU
		{77EDE4A3-6905-4B38-B776-A1E79916415D}.Release|Any CPU.Build.0 = Release|Any CPU
		{77EDE4A3-6905-4B38-B776-A1E79916415D}.Release|x64.ActiveCfg = Release|Any CPU
		{77EDE4A3-6905-4B38-B776-A1E79916415D}.Release|x64.Build.0 = Release|Any CPU
		{77EDE4A3-6905-4B38-B776-A1E79916415D}.Release|x86.ActiveCfg = Release|Any CPU
		{77EDE4A3-6905-4B38-B776-A1E79916415D}.Release|x86.Build.0 = Release|Any CPU
		{2C887A23-DFEC-4FB8-9298-C44843A5B27C}.Debug|Any CPU.ActiveCfg = Debug|Any CPU
		{2C887A23-DFEC-4FB8-9298-C44843A5B27C}.Debug|Any CPU.Build.0 = Debug|Any CPU
		{2C887A23-DFEC-4FB8-9298-C44843A5B27C}.Debug|x64.ActiveCfg = Debug|Any CPU
		{2C887A23-DFEC-4FB8-9298-C44843A5B27C}.Debug|x64.Build.0 = Debug|Any CPU
		{2C887A23-DFEC-4FB8-9298-C44843A5B27C}.Debug|x86.ActiveCfg = Debug|Any CPU
		{2C887A23-DFEC-4FB8-9298-C44843A5B27C}.Debug|x86.Build.0 = Debug|Any CPU
		{2C887A23-DFEC-4FB8-9298-C44843A5B27C}.Release|Any CPU.ActiveCfg = Release|Any CPU
		{2C887A23-DFEC-4FB8-9298-C44843A5B27C}.Release|Any CPU.Build.0 = Release|Any CPU
		{2C887A23-DFEC-4FB8-9298-C44843A5B27C}.Release|x64.ActiveCfg = Release|Any CPU
		{2C887A23-DFEC-4FB8-9298-C44843A5B27C}.Release|x64.Build.0 = Release|Any CPU
		{2C887A23-DFEC-4FB8-9298-C44843A5B27C}.Release|x86.ActiveCfg = Release|Any CPU
		{2C887A23-DFEC-4FB8-9298-C44843A5B27C}.Release|x86.Build.0 = Release|Any CPU
		{C741D70D-E582-4A52-912B-21F99CA90649}.Debug|Any CPU.ActiveCfg = Debug|Any CPU
		{C741D70D-E582-4A52-912B-21F99CA90649}.Debug|Any CPU.Build.0 = Debug|Any CPU
		{C741D70D-E582-4A52-912B-21F99CA90649}.Debug|x64.ActiveCfg = Debug|Any CPU
		{C741D70D-E582-4A52-912B-21F99CA90649}.Debug|x64.Build.0 = Debug|Any CPU
		{C741D70D-E582-4A52-912B-21F99CA90649}.Debug|x86.ActiveCfg = Debug|Any CPU
		{C741D70D-E582-4A52-912B-21F99CA90649}.Debug|x86.Build.0 = Debug|Any CPU
		{C741D70D-E582-4A52-912B-21F99CA90649}.Release|Any CPU.ActiveCfg = Release|Any CPU
		{C741D70D-E582-4A52-912B-21F99CA90649}.Release|Any CPU.Build.0 = Release|Any CPU
		{C741D70D-E582-4A52-912B-21F99CA90649}.Release|x64.ActiveCfg = Release|Any CPU
		{C741D70D-E582-4A52-912B-21F99CA90649}.Release|x64.Build.0 = Release|Any CPU
		{C741D70D-E582-4A52-912B-21F99CA90649}.Release|x86.ActiveCfg = Release|Any CPU
		{C741D70D-E582-4A52-912B-21F99CA90649}.Release|x86.Build.0 = Release|Any CPU
		{21A247DC-F34A-4B41-BF76-0FC05941F252}.Debug|Any CPU.ActiveCfg = Debug|Any CPU
		{21A247DC-F34A-4B41-BF76-0FC05941F252}.Debug|Any CPU.Build.0 = Debug|Any CPU
		{21A247DC-F34A-4B41-BF76-0FC05941F252}.Debug|x64.ActiveCfg = Debug|Any CPU
		{21A247DC-F34A-4B41-BF76-0FC05941F252}.Debug|x64.Build.0 = Debug|Any CPU
		{21A247DC-F34A-4B41-BF76-0FC05941F252}.Debug|x86.ActiveCfg = Debug|Any CPU
		{21A247DC-F34A-4B41-BF76-0FC05941F252}.Debug|x86.Build.0 = Debug|Any CPU
		{21A247DC-F34A-4B41-BF76-0FC05941F252}.Release|Any CPU.ActiveCfg = Release|Any CPU
		{21A247DC-F34A-4B41-BF76-0FC05941F252}.Release|Any CPU.Build.0 = Release|Any CPU
		{21A247DC-F34A-4B41-BF76-0FC05941F252}.Release|x64.ActiveCfg = Release|Any CPU
		{21A247DC-F34A-4B41-BF76-0FC05941F252}.Release|x64.Build.0 = Release|Any CPU
		{21A247DC-F34A-4B41-BF76-0FC05941F252}.Release|x86.ActiveCfg = Release|Any CPU
		{21A247DC-F34A-4B41-BF76-0FC05941F252}.Release|x86.Build.0 = Release|Any CPU
		{62E53394-08E1-48F4-A1FD-A6211377B8E6}.Debug|Any CPU.ActiveCfg = Debug|Any CPU
		{62E53394-08E1-48F4-A1FD-A6211377B8E6}.Debug|Any CPU.Build.0 = Debug|Any CPU
		{62E53394-08E1-48F4-A1FD-A6211377B8E6}.Debug|x64.ActiveCfg = Debug|Any CPU
		{62E53394-08E1-48F4-A1FD-A6211377B8E6}.Debug|x64.Build.0 = Debug|Any CPU
		{62E53394-08E1-48F4-A1FD-A6211377B8E6}.Debug|x86.ActiveCfg = Debug|Any CPU
		{62E53394-08E1-48F4-A1FD-A6211377B8E6}.Debug|x86.Build.0 = Debug|Any CPU
		{62E53394-08E1-48F4-A1FD-A6211377B8E6}.Release|Any CPU.ActiveCfg = Release|Any CPU
		{62E53394-08E1-48F4-A1FD-A6211377B8E6}.Release|Any CPU.Build.0 = Release|Any CPU
		{62E53394-08E1-48F4-A1FD-A6211377B8E6}.Release|x64.ActiveCfg = Release|Any CPU
		{62E53394-08E1-48F4-A1FD-A6211377B8E6}.Release|x64.Build.0 = Release|Any CPU
		{62E53394-08E1-48F4-A1FD-A6211377B8E6}.Release|x86.ActiveCfg = Release|Any CPU
		{62E53394-08E1-48F4-A1FD-A6211377B8E6}.Release|x86.Build.0 = Release|Any CPU
	EndGlobalSection
	GlobalSection(SolutionProperties) = preSolution
		HideSolutionNode = FALSE
	EndGlobalSection
	GlobalSection(NestedProjects) = preSolution
		{ABA67ACA-3E0C-44C1-84F6-E24CF83D52F1} = {827E0CD3-B72D-47B6-A68D-7590B98EB39B}
		{11F70FFF-011E-4625-840D-94CC9DBB707C} = {827E0CD3-B72D-47B6-A68D-7590B98EB39B}
		{77EDE4A3-6905-4B38-B776-A1E79916415D} = {827E0CD3-B72D-47B6-A68D-7590B98EB39B}
		{2C887A23-DFEC-4FB8-9298-C44843A5B27C} = {827E0CD3-B72D-47B6-A68D-7590B98EB39B}
		{C741D70D-E582-4A52-912B-21F99CA90649} = {827E0CD3-B72D-47B6-A68D-7590B98EB39B}
		{21A247DC-F34A-4B41-BF76-0FC05941F252} = {827E0CD3-B72D-47B6-A68D-7590B98EB39B}
		{CEA09484-30F6-4D44-02F6-822E06DBC57C} = {827E0CD3-B72D-47B6-A68D-7590B98EB39B}
		{62E53394-08E1-48F4-A1FD-A6211377B8E6} = {CEA09484-30F6-4D44-02F6-822E06DBC57C}
	EndGlobalSection
EndGlobal
